
Microsoft Visual Studio Solution File, Format Version 12.00
# Visual Studio 15
VisualStudioVersion = 15.0.28307.1321
MinimumVisualStudioVersion = 10.0.40219.1
Project("{8BC9CEB8-8B4A-11D0-8D11-00A0C91BC942}") = "Project", "Project\Project.vcxproj", "{A5394F9F-723A-4C38-9D95-7D4A3629E0D0}"
EndProject
Global
	GlobalSection(SolutionConfigurationPlatforms) = preSolution
		Debug|x86 = Debug|x86
		Release|x86 = Release|x86
	EndGlobalSection
	GlobalSection(ProjectConfigurationPlatforms) = postSolution
		{A5394F9F-723A-4C38-9D95-7D4A3629E0D0}.Debug|x86.ActiveCfg = Debug|Win32
		{A5394F9F-723A-4C38-9D95-7D4A3629E0D0}.Debug|x86.Build.0 = Debug|Win32
		{A5394F9F-723A-4C38-9D95-7D4A3629E0D0}.Release|x86.ActiveCfg = Release|Win32
		{A5394F9F-723A-4C38-9D95-7D4A3629E0D0}.Release|x86.Build.0 = Release|Win32
	EndGlobalSection
	GlobalSection(SolutionProperties) = preSolution
		HideSolutionNode = FALSE
	EndGlobalSection
	GlobalSection(ExtensibilityGlobals) = postSolution
		SolutionGuid = {2BF5DEDC-D97B-4660-BCA4-4127B23F574B}
	EndGlobalSection
EndGlobal
